
Microsoft Visual Studio Solution File, Format Version 12.00
# Visual Studio 15
VisualStudioVersion = 15.0.28307.1209
MinimumVisualStudioVersion = 10.0.40219.1
Project("{FAE04EC0-301F-11D3-BF4B-00C04F79EFBC}") = "AsyncCRUD", "AsyncCRUD\AsyncCRUD.csproj", "{17D5B4CD-69AF-48BA-BA3F-86E190EDEA2D}"
EndProject
Global
	GlobalSection(SolutionConfigurationPlatforms) = preSolution
		Debug|Any CPU = Debug|Any CPU
		Release|Any CPU = Release|Any CPU
	EndGlobalSection
	GlobalSection(ProjectConfigurationPlatforms) = postSolution
		{17D5B4CD-69AF-48BA-BA3F-86E190EDEA2D}.Debug|Any CPU.ActiveCfg = Debug|Any CPU
		{17D5B4CD-69AF-48BA-BA3F-86E190EDEA2D}.Debug|Any CPU.Build.0 = Debug|Any CPU
		{17D5B4CD-69AF-48BA-BA3F-86E190EDEA2D}.Release|Any CPU.ActiveCfg = Release|Any CPU
		{17D5B4CD-69AF-48BA-BA3F-86E190EDEA2D}.Release|Any CPU.Build.0 = Release|Any CPU
	EndGlobalSection
	GlobalSection(SolutionProperties) = preSolution
		HideSolutionNode = FALSE
	EndGlobalSection
	GlobalSection(ExtensibilityGlobals) = postSolution
		SolutionGuid = {8860EC9B-0049-4EB5-B2E4-9EB2CA4CE302}
	EndGlobalSection
EndGlobal
